
Microsoft Visual Studio Solution File, Format Version 12.00
# Visual Studio 15
VisualStudioVersion = 15.0.26730.16
MinimumVisualStudioVersion = 10.0.40219.1
Project("{2150E333-8FDC-42A3-9474-1A3956D46DE8}") = "src", "src", "{CAFCA5FC-3994-47FC-95E7-252403F5C7C3}"
EndProject
Project("{2150E333-8FDC-42A3-9474-1A3956D46DE8}") = "Solution Items", "Solution Items", "{1C5A6662-14F1-4C2B-BFD4-60CF883CBA72}"
EndProject
Project("{9A19103F-16F7-4668-BE54-9A1E7A4F7556}") = "HrmsApp", "src\HrmsApp\HrmsApp.csproj", "{6512FF5D-D821-49B8-A8AC-0DF35EF95D7C}"
EndProject
Project("{9A19103F-16F7-4668-BE54-9A1E7A4F7556}") = "HrmsModel", "src\HrmsModel\HrmsModel.csproj", "{3CEF1F4C-9222-4BA8-8271-41FF6C573AFF}"
EndProject
Global
	GlobalSection(SolutionConfigurationPlatforms) = preSolution
		Debug|Any CPU = Debug|Any CPU
		Release|Any CPU = Release|Any CPU
	EndGlobalSection
	GlobalSection(ProjectConfigurationPlatforms) = postSolution
		{6512FF5D-D821-49B8-A8AC-0DF35EF95D7C}.Debug|Any CPU.ActiveCfg = Debug|Any CPU
		{6512FF5D-D821-49B8-A8AC-0DF35EF95D7C}.Debug|Any CPU.Build.0 = Debug|Any CPU
		{6512FF5D-D821-49B8-A8AC-0DF35EF95D7C}.Release|Any CPU.ActiveCfg = Release|Any CPU
		{6512FF5D-D821-49B8-A8AC-0DF35EF95D7C}.Release|Any CPU.Build.0 = Release|Any CPU
		{3CEF1F4C-9222-4BA8-8271-41FF6C573AFF}.Debug|Any CPU.ActiveCfg = Debug|Any CPU
		{3CEF1F4C-9222-4BA8-8271-41FF6C573AFF}.Debug|Any CPU.Build.0 = Debug|Any CPU
		{3CEF1F4C-9222-4BA8-8271-41FF6C573AFF}.Release|Any CPU.ActiveCfg = Release|Any CPU
		{3CEF1F4C-9222-4BA8-8271-41FF6C573AFF}.Release|Any CPU.Build.0 = Release|Any CPU
	EndGlobalSection
	GlobalSection(SolutionProperties) = preSolution
		HideSolutionNode = FALSE
	EndGlobalSection
	GlobalSection(NestedProjects) = preSolution
		{6512FF5D-D821-49B8-A8AC-0DF35EF95D7C} = {CAFCA5FC-3994-47FC-95E7-252403F5C7C3}
		{3CEF1F4C-9222-4BA8-8271-41FF6C573AFF} = {CAFCA5FC-3994-47FC-95E7-252403F5C7C3}
	EndGlobalSection
	GlobalSection(ExtensibilityGlobals) = postSolution
		SolutionGuid = {73231D5C-9D3B-4A51-9718-703E076FAB85}
	EndGlobalSection
EndGlobal
